{
  "nodes": {
    "emacs-overlay": {
      "inputs": {
        "flake-utils": "flake-utils",
        "nixpkgs": [
          "nixpkgs"
        ]
      },
      "locked": {
        "lastModified": 1676797507,
        "narHash": "sha256-alnN1I036Fb/qoMqnAtPEC/YaVLOXq4P7P1yU0cyPxg=",
        "owner": "Nix-Community",
        "repo": "emacs-overlay",
        "rev": "88b2e9eda133e593558680ffb6262203db193ac4",
        "type": "github"
      },
      "original": {
        "owner": "Nix-Community",
        "repo": "emacs-overlay",
        "type": "github"
      }
    },
    "emacs29-src": {
      "flake": false,
      "locked": {
        "lastModified": 1677951939,
        "narHash": "sha256-ab5kiEwISGfxpMCDeLKrxI7AolbTDN2jFtJDRyKPttU=",
        "owner": "emacs-mirror",
        "repo": "emacs",
        "rev": "246f5b541c50b28c4303a365f8d8cd384f0aa6c9",
        "type": "github"
      },
      "original": {
        "owner": "emacs-mirror",
        "ref": "emacs-29",
        "repo": "emacs",
        "type": "github"
      }
    },
    "fenix": {
      "inputs": {
        "nixpkgs": [
          "nixpkgs"
        ],
        "rust-analyzer-src": "rust-analyzer-src"
      },
      "locked": {
        "lastModified": 1677910987,
        "narHash": "sha256-kFQ7GiOJj705g0t+yvzMA4yf7hh+H8aySoFmCcLm7O0=",
        "owner": "nix-community",
        "repo": "fenix",
        "rev": "be23b5ec5cba92cd1e02d8f268148b4363a10c91",
        "type": "github"
      },
      "original": {
        "owner": "nix-community",
        "repo": "fenix",
        "type": "github"
      }
    },
    "flake-utils": {
      "locked": {
        "lastModified": 1667395993,
        "narHash": "sha256-nuEHfE/LcWyuSWnS8t12N1wc105Qtau+/OdUAjtQ0rA=",
        "owner": "numtide",
        "repo": "flake-utils",
        "rev": "5aed5285a952e0b949eb3ba02c12fa4fcfef535f",
        "type": "github"
      },
      "original": {
        "owner": "numtide",
        "repo": "flake-utils",
        "type": "github"
      }
    },
    "home-manager": {
      "inputs": {
        "nixpkgs": [
          "nixpkgs"
        ],
        "utils": "utils"
      },
      "locked": {
        "lastModified": 1676801940,
        "narHash": "sha256-ek3HwJVnQvzkRb7a5/4CjnV+H3/eGn3hOwSa2VNY7VQ=",
        "owner": "nix-community",
        "repo": "home-manager",
        "rev": "5ffb0f1f818ff0d435b16a4934a24c6277d3fde7",
        "type": "github"
      },
      "original": {
        "owner": "nix-community",
        "repo": "home-manager",
        "type": "github"
      }
    },
    "nixpkgs": {
      "locked": {
        "lastModified": 1676721149,
        "narHash": "sha256-mN2EpTGxxVNnFZLoLWRwh6f7UWhXy4qE+wO2CZyrXps=",
        "owner": "nixos",
        "repo": "nixpkgs",
        "rev": "5f4e07deb7c44f27d498f8df9c5f34750acf52d2",
        "type": "github"
      },
      "original": {
        "owner": "nixos",
        "ref": "nixos-unstable",
        "repo": "nixpkgs",
        "type": "github"
      }
    },
    "root": {
      "inputs": {
        "emacs-overlay": "emacs-overlay",
        "emacs29-src": "emacs29-src",
        "fenix": "fenix",
        "home-manager": "home-manager",
        "nixpkgs": "nixpkgs"
      }
    },
    "rust-analyzer-src": {
      "flake": false,
      "locked": {
        "lastModified": 1677879715,
        "narHash": "sha256-ZCdbfF8m7BCs6Z3Cqa9j8bKELfSTr3WZsbx7rG+Hrcs=",
        "owner": "rust-lang",
        "repo": "rust-analyzer",
        "rev": "73e2505cfa8be6838f5151b272f1d24869b2a3d6",
        "type": "github"
      },
      "original": {
        "owner": "rust-lang",
        "ref": "nightly",
        "repo": "rust-analyzer",
        "type": "github"
      }
    },
    "utils": {
      "locked": {
        "lastModified": 1667395993,
        "narHash": "sha256-nuEHfE/LcWyuSWnS8t12N1wc105Qtau+/OdUAjtQ0rA=",
        "owner": "numtide",
        "repo": "flake-utils",
        "rev": "5aed5285a952e0b949eb3ba02c12fa4fcfef535f",
        "type": "github"
      },
      "original": {
        "owner": "numtide",
        "repo": "flake-utils",
        "type": "github"
      }
    }
  },
  "root": "root",
  "version": 7
}
