{
  "nodes": {
    "emacs-overlay": {
      "inputs": {
        "flake-utils": "flake-utils",
        "nixpkgs": [
          "nixpkgs"
        ]
      },
      "locked": {
        "lastModified": 1676797507,
        "narHash": "sha256-alnN1I036Fb/qoMqnAtPEC/YaVLOXq4P7P1yU0cyPxg=",
        "owner": "Nix-Community",
        "repo": "emacs-overlay",
        "rev": "88b2e9eda133e593558680ffb6262203db193ac4",
        "type": "github"
      },
      "original": {
        "owner": "Nix-Community",
        "repo": "emacs-overlay",
        "type": "github"
      }
    },
    "emacs29-src": {
      "flake": false,
      "locked": {
        "lastModified": 1683985855,
        "narHash": "sha256-flyoM/kjRUztaKt/Dn+n5pNn/yP6mJ9twO1xsilw8s8=",
        "owner": "emacs-mirror",
        "repo": "emacs",
        "rev": "61659f36c884fb89f265271e5b118addf7497689",
        "type": "github"
      },
      "original": {
        "owner": "emacs-mirror",
        "ref": "emacs-29",
        "repo": "emacs",
        "type": "github"
      }
    },
    "fenix": {
      "inputs": {
        "nixpkgs": [
          "nixpkgs"
        ],
        "rust-analyzer-src": "rust-analyzer-src"
      },
      "locked": {
        "lastModified": 1688365484,
        "narHash": "sha256-Rxj9qYprmLLMDde3PwyNm+Hiwwph6v3gVB+fqE9E7Zg=",
        "owner": "nix-community",
        "repo": "fenix",
        "rev": "4a670bae1663a969734d18ca60597da1c17baf6f",
        "type": "github"
      },
      "original": {
        "owner": "nix-community",
        "repo": "fenix",
        "type": "github"
      }
    },
    "flake-utils": {
      "locked": {
        "lastModified": 1667395993,
        "narHash": "sha256-nuEHfE/LcWyuSWnS8t12N1wc105Qtau+/OdUAjtQ0rA=",
        "owner": "numtide",
        "repo": "flake-utils",
        "rev": "5aed5285a952e0b949eb3ba02c12fa4fcfef535f",
        "type": "github"
      },
      "original": {
        "owner": "numtide",
        "repo": "flake-utils",
        "type": "github"
      }
    },
    "home-manager": {
      "inputs": {
        "nixpkgs": [
          "nixpkgs"
        ]
      },
      "locked": {
        "lastModified": 1683989410,
        "narHash": "sha256-puF/QsIkp4ch0sf6M5mNzbdZtYcq2MJHcKre9wJ3ZYo=",
        "owner": "nix-community",
        "repo": "home-manager",
        "rev": "6702b22b9805bc1879715d4111e3764cd4237aed",
        "type": "github"
      },
      "original": {
        "owner": "nix-community",
        "repo": "home-manager",
        "type": "github"
      }
    },
    "nixpkgs": {
      "locked": {
        "lastModified": 1683408522,
        "narHash": "sha256-9kcPh6Uxo17a3kK3XCHhcWiV1Yu1kYj22RHiymUhMkU=",
        "owner": "nixos",
        "repo": "nixpkgs",
        "rev": "897876e4c484f1e8f92009fd11b7d988a121a4e7",
        "type": "github"
      },
      "original": {
        "owner": "nixos",
        "ref": "nixos-unstable",
        "repo": "nixpkgs",
        "type": "github"
      }
    },
    "root": {
      "inputs": {
        "emacs-overlay": "emacs-overlay",
        "emacs29-src": "emacs29-src",
        "fenix": "fenix",
        "home-manager": "home-manager",
        "nixpkgs": "nixpkgs"
      }
    },
    "rust-analyzer-src": {
      "flake": false,
      "locked": {
        "lastModified": 1688329638,
        "narHash": "sha256-X+KyFB3f32SLEEDWWvMJ9xHsdyeGCkFRJZK4zlLHyVA=",
        "owner": "rust-lang",
        "repo": "rust-analyzer",
        "rev": "ff485b63bfd9a44ab2a0dbe88dcf58b79496f1ac",
        "type": "github"
      },
      "original": {
        "owner": "rust-lang",
        "ref": "nightly",
        "repo": "rust-analyzer",
        "type": "github"
      }
    }
  },
  "root": "root",
  "version": 7
}
